
Microsoft Visual Studio Solution File, Format Version 12.00
# Visual Studio Version 17
VisualStudioVersion = 17.2.32526.322
MinimumVisualStudioVersion = 10.0.40219.1
Project("{FAE04EC0-301F-11D3-BF4B-00C04F79EFBC}") = "Calculator.Parse", "Calculator.Parse\Calculator.Parse.csproj", "{48EFA2CE-F6CD-4787-8C91-3092394E5A75}"
EndProject
Project("{FAE04EC0-301F-11D3-BF4B-00C04F79EFBC}") = "Calculator.App", "Calculator.App\Calculator.App.csproj", "{81490906-C8B5-470A-811E-F50BE428460A}"
EndProject
Global
	GlobalSection(SolutionConfigurationPlatforms) = preSolution
		Debug|Any CPU = Debug|Any CPU
		Release|Any CPU = Release|Any CPU
	EndGlobalSection
	GlobalSection(ProjectConfigurationPlatforms) = postSolution
		{48EFA2CE-F6CD-4787-8C91-3092394E5A75}.Debug|Any CPU.ActiveCfg = Debug|Any CPU
		{48EFA2CE-F6CD-4787-8C91-3092394E5A75}.Debug|Any CPU.Build.0 = Debug|Any CPU
		{48EFA2CE-F6CD-4787-8C91-3092394E5A75}.Release|Any CPU.ActiveCfg = Release|Any CPU
		{48EFA2CE-F6CD-4787-8C91-3092394E5A75}.Release|Any CPU.Build.0 = Release|Any CPU
		{81490906-C8B5-470A-811E-F50BE428460A}.Debug|Any CPU.ActiveCfg = Debug|Any CPU
		{81490906-C8B5-470A-811E-F50BE428460A}.Debug|Any CPU.Build.0 = Debug|Any CPU
		{81490906-C8B5-470A-811E-F50BE428460A}.Release|Any CPU.ActiveCfg = Release|Any CPU
		{81490906-C8B5-470A-811E-F50BE428460A}.Release|Any CPU.Build.0 = Release|Any CPU
	EndGlobalSection
	GlobalSection(SolutionProperties) = preSolution
		HideSolutionNode = FALSE
	EndGlobalSection
	GlobalSection(ExtensibilityGlobals) = postSolution
		SolutionGuid = {D6BED0E5-DA7C-45F0-A062-D2E99BA5F32F}
	EndGlobalSection
EndGlobal
